# This file is automatically @generated by Cargo.
# It is not intended for manual editing.
version = 4

[[package]]
name = "dextryx-core"
version = "0.1.0"

[[package]]
name = "dextryx-frontend-api"
version = "0.1.0"
dependencies = [
 "dextryx-core",
 "dextryx-platform",
 "dextryx-storage",
]

[[package]]
name = "dextryx-platform"
version = "0.1.0"

[[package]]
name = "dextryx-storage"
version = "0.1.0"
dependencies = [
 "dextryx-core",
]
